// !$*UTF8*$!
{
	archiveVersion = 1;
	classes = {
	};
	objectVersion = 55;
	objects = {

/* Begin PBXBuildFile section */
		843F3CD827F46EBC00D87BF7 /* AppDelegate.swift in Sources */ = {isa = PBXBuildFile; fileRef = 843F3CD727F46EBC00D87BF7 /* AppDelegate.swift */; };
		843F3CDA27F46EBC00D87BF7 /* SceneDelegate.swift in Sources */ = {isa = PBXBuildFile; fileRef = 843F3CD927F46EBC00D87BF7 /* SceneDelegate.swift */; };
		843F3CDC27F46EBC00D87BF7 /* ViewController.swift in Sources */ = {isa = PBXBuildFile; fileRef = 843F3CDB27F46EBC00D87BF7 /* ViewController.swift */; };
		843F3CDF27F46EBC00D87BF7 /* Main.storyboard in Resources */ = {isa = PBXBuildFile; fileRef = 843F3CDD27F46EBC00D87BF7 /* Main.storyboard */; };
		843F3CE127F46EBE00D87BF7 /* Assets.xcassets in Resources */ = {isa = PBXBuildFile; fileRef = 843F3CE027F46EBE00D87BF7 /* Assets.xcassets */; };
		843F3CE427F46EBE00D87BF7 /* LaunchScreen.storyboard in Resources */ = {isa = PBXBuildFile; fileRef = 843F3CE227F46EBE00D87BF7 /* LaunchScreen.storyboard */; };
		843F3CEF27F46EBF00D87BF7 /* firstAppTests.swift in Sources */ = {isa = PBXBuildFile; fileRef = 843F3CEE27F46EBF00D87BF7 /* firstAppTests.swift */; };
		843F3CF927F46EBF00D87BF7 /* firstAppUITests.swift in Sources */ = {isa = PBXBuildFile; fileRef = 843F3CF827F46EBF00D87BF7 /* firstAppUITests.swift */; };
		843F3CFB27F46EBF00D87BF7 /* firstAppUITestsLaunchTests.swift in Sources */ = {isa = PBXBuildFile; fileRef = 843F3CFA27F46EBF00D87BF7 /* firstAppUITestsLaunchTests.swift */; };
/* End PBXBuildFile section */

/* Begin PBXContainerItemProxy section */
		843F3CEB27F46EBF00D87BF7 /* PBXContainerItemProxy */ = {
			isa = PBXContainerItemProxy;
			containerPortal = 843F3CCC27F46EBC00D87BF7 /* Project object */;
			proxyType = 1;
			remoteGlobalIDString = 843F3CD327F46EBC00D87BF7;
			remoteInfo = firstApp;
		};
		843F3CF527F46EBF00D87BF7 /* PBXContainerItemProxy */ = {
			isa = PBXContainerItemProxy;
			containerPortal = 843F3CCC27F46EBC00D87BF7 /* Project object */;
			proxyType = 1;
			remoteGlobalIDString = 843F3CD327F46EBC00D87BF7;
			remoteInfo = firstApp;
		};
/* End PBXContainerItemProxy section */

/* Begin PBXFileReference section */
		843F3CD427F46EBC00D87BF7 /* firstApp.app */ = {isa = PBXFileReference; explicitFileType = wrapper.application; includeInIndex = 0; path = firstApp.app; sourceTree = BUILT_PRODUCTS_DIR; };
		843F3CD727F46EBC00D87BF7 /* AppDelegate.swift */ = {isa = PBXFileReference; lastKnownFileType = sourcecode.swift; path = AppDelegate.swift; sourceTree = "<group>"; };
		843F3CD927F46EBC00D87BF7 /* SceneDelegate.swift */ = {isa = PBXFileReference; lastKnownFileType = sourcecode.swift; path = SceneDelegate.swift; sourceTree = "<group>"; };
		843F3CDB27F46EBC00D87BF7 /* ViewController.swift */ = {isa = PBXFileReference; lastKnownFileType = sourcecode.swift; path = ViewController.swift; sourceTree = "<group>"; };
		843F3CDE27F46EBC00D87BF7 /* Base */ = {isa = PBXFileReference; lastKnownFileType = file.storyboard; name = Base; path = Base.lproj/Main.storyboard; sourceTree = "<group>"; };
		843F3CE027F46EBE00D87BF7 /* Assets.xcassets */ = {isa = PBXFileReference; lastKnownFileType = folder.assetcatalog; path = Assets.xcassets; sourceTree = "<group>"; };
		843F3CE327F46EBE00D87BF7 /* Base */ = {isa = PBXFileReference; lastKnownFileType = file.storyboard; name = Base; path = Base.lproj/LaunchScreen.storyboard; sourceTree = "<group>"; };
		843F3CE527F46EBE00D87BF7 /* Info.plist */ = {isa = PBXFileReference; lastKnownFileType = text.plist.xml; path = Info.plist; sourceTree = "<group>"; };
		843F3CEA27F46EBF00D87BF7 /* firstAppTests.xctest */ = {isa = PBXFileReference; explicitFileType = wrapper.cfbundle; includeInIndex = 0; path = firstAppTests.xctest; sourceTree = BUILT_PRODUCTS_DIR; };
		843F3CEE27F46EBF00D87BF7 /* firstAppTests.swift */ = {isa = PBXFileReference; lastKnownFileType = sourcecode.swift; path = firstAppTests.swift; sourceTree = "<group>"; };
		843F3CF427F46EBF00D87BF7 /* firstAppUITests.xctest */ = {isa = PBXFileReference; explicitFileType = wrapper.cfbundle; includeInIndex = 0; path = firstAppUITests.xctest; sourceTree = BUILT_PRODUCTS_DIR; };
		843F3CF827F46EBF00D87BF7 /* firstAppUITests.swift */ = {isa = PBXFileReference; lastKnownFileType = sourcecode.swift; path = firstAppUITests.swift; sourceTree = "<group>"; };
		843F3CFA27F46EBF00D87BF7 /* firstAppUITestsLaunchTests.swift */ = {isa = PBXFileReference; lastKnownFileType = sourcecode.swift; path = firstAppUITestsLaunchTests.swift; sourceTree = "<group>"; };
/* End PBXFileReference section */

/* Begin PBXFrameworksBuildPhase section */
		843F3CD127F46EBC00D87BF7 /* Frameworks */ = {
			isa = PBXFrameworksBuildPhase;
			buildActionMask = 2147483647;
			files = (
			);
			runOnlyForDeploymentPostprocessing = 0;
		};
		843F3CE727F46EBF00D87BF7 /* Frameworks */ = {
			isa = PBXFrameworksBuildPhase;
			buildActionMask = 2147483647;
			files = (
			);
			runOnlyForDeploymentPostprocessing = 0;
		};
		843F3CF127F46EBF00D87BF7 /* Frameworks */ = {
			isa = PBXFrameworksBuildPhase;
			buildActionMask = 2147483647;
			files = (
			);
			runOnlyForDeploymentPostprocessing = 0;
		};
/* End PBXFrameworksBuildPhase section */

/* Begin PBXGroup section */
		843F3CCB27F46EBC00D87BF7 = {
			isa = PBXGroup;
			children = (
				843F3CD627F46EBC00D87BF7 /* firstApp */,
				843F3CED27F46EBF00D87BF7 /* firstAppTests */,
				843F3CF727F46EBF00D87BF7 /* firstAppUITests */,
				843F3CD527F46EBC00D87BF7 /* Products */,
			);
			sourceTree = "<group>";
		};
		843F3CD527F46EBC00D87BF7 /* Products */ = {
			isa = PBXGroup;
			children = (
				843F3CD427F46EBC00D87BF7 /* firstApp.app */,
				843F3CEA27F46EBF00D87BF7 /* firstAppTests.xctest */,
				843F3CF427F46EBF00D87BF7 /* firstAppUITests.xctest */,
			);
			name = Products;
			sourceTree = "<group>";
		};
		843F3CD627F46EBC00D87BF7 /* firstApp */ = {
			isa = PBXGroup;
			children = (
				843F3CD727F46EBC00D87BF7 /* AppDelegate.swift */,
				843F3CD927F46EBC00D87BF7 /* SceneDelegate.swift */,
				843F3CDB27F46EBC00D87BF7 /* ViewController.swift */,
				843F3CDD27F46EBC00D87BF7 /* Main.storyboard */,
				843F3CE027F46EBE00D87BF7 /* Assets.xcassets */,
				843F3CE227F46EBE00D87BF7 /* LaunchScreen.storyboard */,
				843F3CE527F46EBE00D87BF7 /* Info.plist */,
			);
			path = firstApp;
			sourceTree = "<group>";
		};
		843F3CED27F46EBF00D87BF7 /* firstAppTests */ = {
			isa = PBXGroup;
			children = (
				843F3CEE27F46EBF00D87BF7 /* firstAppTests.swift */,
			);
			path = firstAppTests;
			sourceTree = "<group>";
		};
		843F3CF727F46EBF00D87BF7 /* firstAppUITests */ = {
			isa = PBXGroup;
			children = (
				843F3CF827F46EBF00D87BF7 /* firstAppUITests.swift */,
				843F3CFA27F46EBF00D87BF7 /* firstAppUITestsLaunchTests.swift */,
			);
			path = firstAppUITests;
			sourceTree = "<group>";
		};
/* End PBXGroup section */

/* Begin PBXNativeTarget section */
		843F3CD327F46EBC00D87BF7 /* firstApp */ = {
			isa = PBXNativeTarget;
			buildConfigurationList = 843F3CFE27F46EBF00D87BF7 /* Build configuration list for PBXNativeTarget "firstApp" */;
			buildPhases = (
				843F3CD027F46EBC00D87BF7 /* Sources */,
				843F3CD127F46EBC00D87BF7 /* Frameworks */,
				843F3CD227F46EBC00D87BF7 /* Resources */,
			);
			buildRules = (
			);
			dependencies = (
			);
			name = firstApp;
			productName = firstApp;
			productReference = 843F3CD427F46EBC00D87BF7 /* firstApp.app */;
			productType = "com.apple.product-type.application";
		};
		843F3CE927F46EBF00D87BF7 /* firstAppTests */ = {
			isa = PBXNativeTarget;
			buildConfigurationList = 843F3D0127F46EBF00D87BF7 /* Build configuration list for PBXNativeTarget "firstAppTests" */;
			buildPhases = (
				843F3CE627F46EBF00D87BF7 /* Sources */,
				843F3CE727F46EBF00D87BF7 /* Frameworks */,
				843F3CE827F46EBF00D87BF7 /* Resources */,
			);
			buildRules = (
			);
			dependencies = (
				843F3CEC27F46EBF00D87BF7 /* PBXTargetDependency */,
			);
			name = firstAppTests;
			productName = firstAppTests;
			productReference = 843F3CEA27F46EBF00D87BF7 /* firstAppTests.xctest */;
			productType = "com.apple.product-type.bundle.unit-test";
		};
		843F3CF327F46EBF00D87BF7 /* firstAppUITests */ = {
			isa = PBXNativeTarget;
			buildConfigurationList = 843F3D0427F46EBF00D87BF7 /* Build configuration list for PBXNativeTarget "firstAppUITests" */;
			buildPhases = (
				843F3CF027F46EBF00D87BF7 /* Sources */,
				843F3CF127F46EBF00D87BF7 /* Frameworks */,
				843F3CF227F46EBF00D87BF7 /* Resources */,
			);
			buildRules = (
			);
			dependencies = (
				843F3CF627F46EBF00D87BF7 /* PBXTargetDependency */,
			);
			name = firstAppUITests;
			productName = firstAppUITests;
			productReference = 843F3CF427F46EBF00D87BF7 /* firstAppUITests.xctest */;
			productType = "com.apple.product-type.bundle.ui-testing";
		};
/* End PBXNativeTarget section */

/* Begin PBXProject section */
		843F3CCC27F46EBC00D87BF7 /* Project object */ = {
			isa = PBXProject;
			attributes = {
				BuildIndependentTargetsInParallel = 1;
				LastSwiftUpdateCheck = 1320;
				LastUpgradeCheck = 1320;
				TargetAttributes = {
					843F3CD327F46EBC00D87BF7 = {
						CreatedOnToolsVersion = 13.2.1;
					};
					843F3CE927F46EBF00D87BF7 = {
						CreatedOnToolsVersion = 13.2.1;
						TestTargetID = 843F3CD327F46EBC00D87BF7;
					};
					843F3CF327F46EBF00D87BF7 = {
						CreatedOnToolsVersion = 13.2.1;
						TestTargetID = 843F3CD327F46EBC00D87BF7;
					};
				};
			};
			buildConfigurationList = 843F3CCF27F46EBC00D87BF7 /* Build configuration list for PBXProject "firstApp" */;
			compatibilityVersion = "Xcode 13.0";
			developmentRegion = en;
			hasScannedForEncodings = 0;
			knownRegions = (
				en,
				Base,
			);
			mainGroup = 843F3CCB27F46EBC00D87BF7;
			productRefGroup = 843F3CD527F46EBC00D87BF7 /* Products */;
			projectDirPath = "";
			projectRoot = "";
			targets = (
				843F3CD327F46EBC00D87BF7 /* firstApp */,
				843F3CE927F46EBF00D87BF7 /* firstAppTests */,
				843F3CF327F46EBF00D87BF7 /* firstAppUITests */,
			);
		};
/* End PBXProject section */

/* Begin PBXResourcesBuildPhase section */
		843F3CD227F46EBC00D87BF7 /* Resources */ = {
			isa = PBXResourcesBuildPhase;
			buildActionMask = 2147483647;
			files = (
				843F3CE427F46EBE00D87BF7 /* LaunchScreen.storyboard in Resources */,
				843F3CE127F46EBE00D87BF7 /* Assets.xcassets in Resources */,
				843F3CDF27F46EBC00D87BF7 /* Main.storyboard in Resources */,
			);
			runOnlyForDeploymentPostprocessing = 0;
		};
		843F3CE827F46EBF00D87BF7 /* Resources */ = {
			isa = PBXResourcesBuildPhase;
			buildActionMask = 2147483647;
			files = (
			);
			runOnlyForDeploymentPostprocessing = 0;
		};
		843F3CF227F46EBF00D87BF7 /* Resources */ = {
			isa = PBXResourcesBuildPhase;
			buildActionMask = 2147483647;
			files = (
			);
			runOnlyForDeploymentPostprocessing = 0;
		};
/* End PBXResourcesBuildPhase section */

/* Begin PBXSourcesBuildPhase section */
		843F3CD027F46EBC00D87BF7 /* Sources */ = {
			isa = PBXSourcesBuildPhase;
			buildActionMask = 2147483647;
			files = (
				843F3CDC27F46EBC00D87BF7 /* ViewController.swift in Sources */,
				843F3CD827F46EBC00D87BF7 /* AppDelegate.swift in Sources */,
				843F3CDA27F46EBC00D87BF7 /* SceneDelegate.swift in Sources */,
			);
			runOnlyForDeploymentPostprocessing = 0;
		};
		843F3CE627F46EBF00D87BF7 /* Sources */ = {
			isa = PBXSourcesBuildPhase;
			buildActionMask = 2147483647;
			files = (
				843F3CEF27F46EBF00D87BF7 /* firstAppTests.swift in Sources */,
			);
			runOnlyForDeploymentPostprocessing = 0;
		};
		843F3CF027F46EBF00D87BF7 /* Sources */ = {
			isa = PBXSourcesBuildPhase;
			buildActionMask = 2147483647;
			files = (
				843F3CFB27F46EBF00D87BF7 /* firstAppUITestsLaunchTests.swift in Sources */,
				843F3CF927F46EBF00D87BF7 /* firstAppUITests.swift in Sources */,
			);
			runOnlyForDeploymentPostprocessing = 0;
		};
/* End PBXSourcesBuildPhase section */

/* Begin PBXTargetDependency section */
		843F3CEC27F46EBF00D87BF7 /* PBXTargetDependency */ = {
			isa = PBXTargetDependency;
			target = 843F3CD327F46EBC00D87BF7 /* firstApp */;
			targetProxy = 843F3CEB27F46EBF00D87BF7 /* PBXContainerItemProxy */;
		};
		843F3CF627F46EBF00D87BF7 /* PBXTargetDependency */ = {
			isa = PBXTargetDependency;
			target = 843F3CD327F46EBC00D87BF7 /* firstApp */;
			targetProxy = 843F3CF527F46EBF00D87BF7 /* PBXContainerItemProxy */;
		};
/* End PBXTargetDependency section */

/* Begin PBXVariantGroup section */
		843F3CDD27F46EBC00D87BF7 /* Main.storyboard */ = {
			isa = PBXVariantGroup;
			children = (
				843F3CDE27F46EBC00D87BF7 /* Base */,
			);
			name = Main.storyboard;
			sourceTree = "<group>";
		};
		843F3CE227F46EBE00D87BF7 /* LaunchScreen.storyboard */ = {
			isa = PBXVariantGroup;
			children = (
				843F3CE327F46EBE00D87BF7 /* Base */,
			);
			name = LaunchScreen.storyboard;
			sourceTree = "<group>";
		};
/* End PBXVariantGroup section */

/* Begin XCBuildConfiguration section */
		843F3CFC27F46EBF00D87BF7 /* Debug */ = {
			isa = XCBuildConfiguration;
			buildSettings = {
				ALWAYS_SEARCH_USER_PATHS = NO;
				CLANG_ANALYZER_NONNULL = YES;
				CLANG_ANALYZER_NUMBER_OBJECT_CONVERSION = YES_AGGRESSIVE;
				CLANG_CXX_LANGUAGE_STANDARD = "gnu++17";
				CLANG_CXX_LIBRARY = "libc++";
				CLANG_ENABLE_MODULES = YES;
				CLANG_ENABLE_OBJC_ARC = YES;
				CLANG_ENABLE_OBJC_WEAK = YES;
				CLANG_WARN_BLOCK_CAPTURE_AUTORELEASING = YES;
				CLANG_WARN_BOOL_CONVERSION = YES;
				CLANG_WARN_COMMA = YES;
				CLANG_WARN_CONSTANT_CONVERSION = YES;
				CLANG_WARN_DEPRECATED_OBJC_IMPLEMENTATIONS = YES;
				CLANG_WARN_DIRECT_OBJC_ISA_USAGE = YES_ERROR;
				CLANG_WARN_DOCUMENTATION_COMMENTS = YES;
				CLANG_WARN_EMPTY_BODY = YES;
				CLANG_WARN_ENUM_CONVERSION = YES;
				CLANG_WARN_INFINITE_RECURSION = YES;
				CLANG_WARN_INT_CONVERSION = YES;
				CLANG_WARN_NON_LITERAL_NULL_CONVERSION = YES;
				CLANG_WARN_OBJC_IMPLICIT_RETAIN_SELF = YES;
				CLANG_WARN_OBJC_LITERAL_CONVERSION = YES;
				CLANG_WARN_OBJC_ROOT_CLASS = YES_ERROR;
				CLANG_WARN_QUOTED_INCLUDE_IN_FRAMEWORK_HEADER = YES;
				CLANG_WARN_RANGE_LOOP_ANALYSIS = YES;
				CLANG_WARN_STRICT_PROTOTYPES = YES;
				CLANG_WARN_SUSPICIOUS_MOVE = YES;
				CLANG_WARN_UNGUARDED_AVAILABILITY = YES_AGGRESSIVE;
				CLANG_WARN_UNREACHABLE_CODE = YES;
				CLANG_WARN__DUPLICATE_METHOD_MATCH = YES;
				COPY_PHASE_STRIP = NO;
				DEBUG_INFORMATION_FORMAT = dwarf;
				ENABLE_STRICT_OBJC_MSGSEND = YES;
				ENABLE_TESTABILITY = YES;
				GCC_C_LANGUAGE_STANDARD = gnu11;
				GCC_DYNAMIC_NO_PIC = NO;
				GCC_NO_COMMON_BLOCKS = YES;
				GCC_OPTIMIZATION_LEVEL = 0;
				GCC_PREPROCESSOR_DEFINITIONS = (
					"DEBUG=1",
					"$(inherited)",
				);
				GCC_WARN_64_TO_32_BIT_CONVERSION = YES;
				GCC_WARN_ABOUT_RETURN_TYPE = YES_ERROR;
				GCC_WARN_UNDECLARED_SELECTOR = YES;
				GCC_WARN_UNINITIALIZED_AUTOS = YES_AGGRESSIVE;
				GCC_WARN_UNUSED_FUNCTION = YES;
				GCC_WARN_UNUSED_VARIABLE = YES;
				IPHONEOS_DEPLOYMENT_TARGET = 15.2;
				MTL_ENABLE_DEBUG_INFO = INCLUDE_SOURCE;
				MTL_FAST_MATH = YES;
				ONLY_ACTIVE_ARCH = YES;
				SDKROOT = iphoneos;
				SWIFT_ACTIVE_COMPILATION_CONDITIONS = DEBUG;
				SWIFT_OPTIMIZATION_LEVEL = "-Onone";
			};
			name = Debug;
		};
		843F3CFD27F46EBF00D87BF7 /* Release */ = {
			isa = XCBuildConfiguration;
			buildSettings = {
				ALWAYS_SEARCH_USER_PATHS = NO;
				CLANG_ANALYZER_NONNULL = YES;
				CLANG_ANALYZER_NUMBER_OBJECT_CONVERSION = YES_AGGRESSIVE;
				CLANG_CXX_LANGUAGE_STANDARD = "gnu++17";
				CLANG_CXX_LIBRARY = "libc++";
				CLANG_ENABLE_MODULES = YES;
				CLANG_ENABLE_OBJC_ARC = YES;
				CLANG_ENABLE_OBJC_WEAK = YES;
				CLANG_WARN_BLOCK_CAPTURE_AUTORELEASING = YES;
				CLANG_WARN_BOOL_CONVERSION = YES;
				CLANG_WARN_COMMA = YES;
				CLANG_WARN_CONSTANT_CONVERSION = YES;
				CLANG_WARN_DEPRECATED_OBJC_IMPLEMENTATIONS = YES;
				CLANG_WARN_DIRECT_OBJC_ISA_USAGE = YES_ERROR;
				CLANG_WARN_DOCUMENTATION_COMMENTS = YES;
				CLANG_WARN_EMPTY_BODY = YES;
				CLANG_WARN_ENUM_CONVERSION = YES;
				CLANG_WARN_INFINITE_RECURSION = YES;
				CLANG_WARN_INT_CONVERSION = YES;
				CLANG_WARN_NON_LITERAL_NULL_CONVERSION = YES;
				CLANG_WARN_OBJC_IMPLICIT_RETAIN_SELF = YES;
				CLANG_WARN_OBJC_LITERAL_CONVERSION = YES;
				CLANG_WARN_OBJC_ROOT_CLASS = YES_ERROR;
				CLANG_WARN_QUOTED_INCLUDE_IN_FRAMEWORK_HEADER = YES;
				CLANG_WARN_RANGE_LOOP_ANALYSIS = YES;
				CLANG_WARN_STRICT_PROTOTYPES = YES;
				CLANG_WARN_SUSPICIOUS_MOVE = YES;
				CLANG_WARN_UNGUARDED_AVAILABILITY = YES_AGGRESSIVE;
				CLANG_WARN_UNREACHABLE_CODE = YES;
				CLANG_WARN__DUPLICATE_METHOD_MATCH = YES;
				COPY_PHASE_STRIP = NO;
				DEBUG_INFORMATION_FORMAT = "dwarf-with-dsym";
				ENABLE_NS_ASSERTIONS = NO;
				ENABLE_STRICT_OBJC_MSGSEND = YES;
				GCC_C_LANGUAGE_STANDARD = gnu11;
				GCC_NO_COMMON_BLOCKS = YES;
				GCC_WARN_64_TO_32_BIT_CONVERSION = YES;
				GCC_WARN_ABOUT_RETURN_TYPE = YES_ERROR;
				GCC_WARN_UNDECLARED_SELECTOR = YES;
				GCC_WARN_UNINITIALIZED_AUTOS = YES_AGGRESSIVE;
				GCC_WARN_UNUSED_FUNCTION = YES;
				GCC_WARN_UNUSED_VARIABLE = YES;
				IPHONEOS_DEPLOYMENT_TARGET = 15.2;
				MTL_ENABLE_DEBUG_INFO = NO;
				MTL_FAST_MATH = YES;
				SDKROOT = iphoneos;
				SWIFT_COMPILATION_MODE = wholemodule;
				SWIFT_OPTIMIZATION_LEVEL = "-O";
				VALIDATE_PRODUCT = YES;
			};
			name = Release;
		};
		843F3CFF27F46EBF00D87BF7 /* Debug */ = {
			isa = XCBuildConfiguration;
			buildSettings = {
				ASSETCATALOG_COMPILER_APPICON_NAME = AppIcon;
				ASSETCATALOG_COMPILER_GLOBAL_ACCENT_COLOR_NAME = AccentColor;
				CODE_SIGN_STYLE = Automatic;
				CURRENT_PROJECT_VERSION = 1;
				DEVELOPMENT_TEAM = 64FMXAW7HY;
				GENERATE_INFOPLIST_FILE = YES;
				INFOPLIST_FILE = firstApp/Info.plist;
				INFOPLIST_KEY_UIApplicationSupportsIndirectInputEvents = YES;
				INFOPLIST_KEY_UILaunchStoryboardName = LaunchScreen;
				INFOPLIST_KEY_UIMainStoryboardFile = Main;
				INFOPLIST_KEY_UISupportedInterfaceOrientations_iPad = "UIInterfaceOrientationPortrait UIInterfaceOrientationPortraitUpsideDown UIInterfaceOrientationLandscapeLeft UIInterfaceOrientationLandscapeRight";
				INFOPLIST_KEY_UISupportedInterfaceOrientations_iPhone = "UIInterfaceOrientationPortrait UIInterfaceOrientationLandscapeLeft UIInterfaceOrientationLandscapeRight";
				LD_RUNPATH_SEARCH_PATHS = (
					"$(inherited)",
					"@executable_path/Frameworks",
				);
				MARKETING_VERSION = 1.0;
				PRODUCT_BUNDLE_IDENTIFIER = soulfulolya20.firstApp;
				PRODUCT_NAME = "$(TARGET_NAME)";
				SWIFT_EMIT_LOC_STRINGS = YES;
				SWIFT_VERSION = 5.0;
				TARGETED_DEVICE_FAMILY = "1,2";
			};
			name = Debug;
		};
		843F3D0027F46EBF00D87BF7 /* Release */ = {
			isa = XCBuildConfiguration;
			buildSettings = {
				ASSETCATALOG_COMPILER_APPICON_NAME = AppIcon;
				ASSETCATALOG_COMPILER_GLOBAL_ACCENT_COLOR_NAME = AccentColor;
				CODE_SIGN_STYLE = Automatic;
				CURRENT_PROJECT_VERSION = 1;
				DEVELOPMENT_TEAM = 64FMXAW7HY;
				GENERATE_INFOPLIST_FILE = YES;
				INFOPLIST_FILE = firstApp/Info.plist;
				INFOPLIST_KEY_UIApplicationSupportsIndirectInputEvents = YES;
				INFOPLIST_KEY_UILaunchStoryboardName = LaunchScreen;
				INFOPLIST_KEY_UIMainStoryboardFile = Main;
				INFOPLIST_KEY_UISupportedInterfaceOrientations_iPad = "UIInterfaceOrientationPortrait UIInterfaceOrientationPortraitUpsideDown UIInterfaceOrientationLandscapeLeft UIInterfaceOrientationLandscapeRight";
				INFOPLIST_KEY_UISupportedInterfaceOrientations_iPhone = "UIInterfaceOrientationPortrait UIInterfaceOrientationLandscapeLeft UIInterfaceOrientationLandscapeRight";
				LD_RUNPATH_SEARCH_PATHS = (
					"$(inherited)",
					"@executable_path/Frameworks",
				);
				MARKETING_VERSION = 1.0;
				PRODUCT_BUNDLE_IDENTIFIER = soulfulolya20.firstApp;
				PRODUCT_NAME = "$(TARGET_NAME)";
				SWIFT_EMIT_LOC_STRINGS = YES;
				SWIFT_VERSION = 5.0;
				TARGETED_DEVICE_FAMILY = "1,2";
			};
			name = Release;
		};
		843F3D0227F46EBF00D87BF7 /* Debug */ = {
			isa = XCBuildConfiguration;
			buildSettings = {
				ALWAYS_EMBED_SWIFT_STANDARD_LIBRARIES = YES;
				BUNDLE_LOADER = "$(TEST_HOST)";
				CODE_SIGN_STYLE = Automatic;
				CURRENT_PROJECT_VERSION = 1;
				DEVELOPMENT_TEAM = 64FMXAW7HY;
				GENERATE_INFOPLIST_FILE = YES;
				IPHONEOS_DEPLOYMENT_TARGET = 15.2;
				MARKETING_VERSION = 1.0;
				PRODUCT_BUNDLE_IDENTIFIER = soulfulolya20.firstAppTests;
				PRODUCT_NAME = "$(TARGET_NAME)";
				SWIFT_EMIT_LOC_STRINGS = NO;
				SWIFT_VERSION = 5.0;
				TARGETED_DEVICE_FAMILY = "1,2";
				TEST_HOST = "$(BUILT_PRODUCTS_DIR)/firstApp.app/firstApp";
			};
			name = Debug;
		};
		843F3D0327F46EBF00D87BF7 /* Release */ = {
			isa = XCBuildConfiguration;
			buildSettings = {
				ALWAYS_EMBED_SWIFT_STANDARD_LIBRARIES = YES;
				BUNDLE_LOADER = "$(TEST_HOST)";
				CODE_SIGN_STYLE = Automatic;
				CURRENT_PROJECT_VERSION = 1;
				DEVELOPMENT_TEAM = 64FMXAW7HY;
				GENERATE_INFOPLIST_FILE = YES;
				IPHONEOS_DEPLOYMENT_TARGET = 15.2;
				MARKETING_VERSION = 1.0;
				PRODUCT_BUNDLE_IDENTIFIER = soulfulolya20.firstAppTests;
				PRODUCT_NAME = "$(TARGET_NAME)";
				SWIFT_EMIT_LOC_STRINGS = NO;
				SWIFT_VERSION = 5.0;
				TARGETED_DEVICE_FAMILY = "1,2";
				TEST_HOST = "$(BUILT_PRODUCTS_DIR)/firstApp.app/firstApp";
			};
			name = Release;
		};
		843F3D0527F46EBF00D87BF7 /* Debug */ = {
			isa = XCBuildConfiguration;
			buildSettings = {
				ALWAYS_EMBED_SWIFT_STANDARD_LIBRARIES = YES;
				CODE_SIGN_STYLE = Automatic;
				CURRENT_PROJECT_VERSION = 1;
				DEVELOPMENT_TEAM = 64FMXAW7HY;
				GENERATE_INFOPLIST_FILE = YES;
				MARKETING_VERSION = 1.0;
				PRODUCT_BUNDLE_IDENTIFIER = soulfulolya20.firstAppUITests;
				PRODUCT_NAME = "$(TARGET_NAME)";
				SWIFT_EMIT_LOC_STRINGS = NO;
				SWIFT_VERSION = 5.0;
				TARGETED_DEVICE_FAMILY = "1,2";
				TEST_TARGET_NAME = firstApp;
			};
			name = Debug;
		};
		843F3D0627F46EBF00D87BF7 /* Release */ = {
			isa = XCBuildConfiguration;
			buildSettings = {
				ALWAYS_EMBED_SWIFT_STANDARD_LIBRARIES = YES;
				CODE_SIGN_STYLE = Automatic;
				CURRENT_PROJECT_VERSION = 1;
				DEVELOPMENT_TEAM = 64FMXAW7HY;
				GENERATE_INFOPLIST_FILE = YES;
				MARKETING_VERSION = 1.0;
				PRODUCT_BUNDLE_IDENTIFIER = soulfulolya20.firstAppUITests;
				PRODUCT_NAME = "$(TARGET_NAME)";
				SWIFT_EMIT_LOC_STRINGS = NO;
				SWIFT_VERSION = 5.0;
				TARGETED_DEVICE_FAMILY = "1,2";
				TEST_TARGET_NAME = firstApp;
			};
			name = Release;
		};
/* End XCBuildConfiguration section */

/* Begin XCConfigurationList section */
		843F3CCF27F46EBC00D87BF7 /* Build configuration list for PBXProject "firstApp" */ = {
			isa = XCConfigurationList;
			buildConfigurations = (
				843F3CFC27F46EBF00D87BF7 /* Debug */,
				843F3CFD27F46EBF00D87BF7 /* Release */,
			);
			defaultConfigurationIsVisible = 0;
			defaultConfigurationName = Release;
		};
		843F3CFE27F46EBF00D87BF7 /* Build configuration list for PBXNativeTarget "firstApp" */ = {
			isa = XCConfigurationList;
			buildConfigurations = (
				843F3CFF27F46EBF00D87BF7 /* Debug */,
				843F3D0027F46EBF00D87BF7 /* Release */,
			);
			defaultConfigurationIsVisible = 0;
			defaultConfigurationName = Release;
		};
		843F3D0127F46EBF00D87BF7 /* Build configuration list for PBXNativeTarget "firstAppTests" */ = {
			isa = XCConfigurationList;
			buildConfigurations = (
				843F3D0227F46EBF00D87BF7 /* Debug */,
				843F3D0327F46EBF00D87BF7 /* Release */,
			);
			defaultConfigurationIsVisible = 0;
			defaultConfigurationName = Release;
		};
		843F3D0427F46EBF00D87BF7 /* Build configuration list for PBXNativeTarget "firstAppUITests" */ = {
			isa = XCConfigurationList;
			buildConfigurations = (
				843F3D0527F46EBF00D87BF7 /* Debug */,
				843F3D0627F46EBF00D87BF7 /* Release */,
			);
			defaultConfigurationIsVisible = 0;
			defaultConfigurationName = Release;
		};
/* End XCConfigurationList section */
	};
	rootObject = 843F3CCC27F46EBC00D87BF7 /* Project object */;
}
